{
  "requires": true,
  "lockfileVersion": 1,
  "dependencies": {
    "@swimlane/ngx-datatable": {
      "version": "19.0.0",
      "resolved": "https://registry.npmjs.org/@swimlane/ngx-datatable/-/ngx-datatable-19.0.0.tgz",
      "integrity": "sha512-S8eknIQeZtr5aPZgBUItHmt+aQwrI32Hm3jvrxqJXK9J43oDzhIKT2qR1rre3s0XlBn6Zl8LAbmlKotQ5nnxnQ==",
      "requires": {
        "tslib": "^2.0.0"
      }
    },
    "tslib": {
      "version": "2.2.0",
      "resolved": "https://registry.npmjs.org/tslib/-/tslib-2.2.0.tgz",
      "integrity": "sha512-gS9GVHRU+RGn5KQM2rllAlR3dU6m7AcpJKdtH8gFvQiC4Otgk98XnmMU+nZenHt/+VhnBPWwgrJsyrdcw6i23w=="
    }
  }
}
